
Microsoft Visual Studio Solution File, Format Version 12.00
# Visual Studio Version 17
VisualStudioVersion = 17.14.36109.1
MinimumVisualStudioVersion = 10.0.40219.1
Project("{FAE04EC0-301F-11D3-BF4B-00C04F79EFBC}") = "AfricanCrafts.Api", "AfricanCrafts.Api\AfricanCrafts.Api.csproj", "{626E994A-FE58-4349-8CF8-EA25CE39726D}"
EndProject
Project("{2150E333-8FDC-42A3-9474-1A3956D46DE8}") = "src", "src", "{02EA681E-C7D8-13C7-8484-4AC65E1B71E8}"
EndProject
Project("{2150E333-8FDC-42A3-9474-1A3956D46DE8}") = "UserManagement", "UserManagement", "{0D489C93-5B0D-49D5-B25E-8E26B659E548}"
EndProject
Project("{FAE04EC0-301F-11D3-BF4B-00C04F79EFBC}") = "UserManagement.Application", "UserManagement.Application\UserManagement.Application.csproj", "{EB04D0C6-9447-4473-9CB4-DD80C4EDE416}"
EndProject
Project("{FAE04EC0-301F-11D3-BF4B-00C04F79EFBC}") = "UserManagement.Domain", "UserManagement.Domain\UserManagement.Domain.csproj", "{6C343A0E-D92E-46C4-853D-2AA92476E18D}"
EndProject
Project("{FAE04EC0-301F-11D3-BF4B-00C04F79EFBC}") = "UserManagement.Presentation", "UserManagement.Presentation\UserManagement.Presentation.csproj", "{D05DC9BB-8FD9-4B4D-AB70-370D480E70B4}"
EndProject
Project("{FAE04EC0-301F-11D3-BF4B-00C04F79EFBC}") = "UserManagement.Presistence", "UserManagement.Service\UserManagement.Presistence.csproj", "{4E703B3B-FDE7-4D45-8B4A-533C1647BFB3}"
EndProject
Project("{FAE04EC0-301F-11D3-BF4B-00C04F79EFBC}") = "UserManagement.Infrastructure", "UserManagement.Infrastructure\UserManagement.Infrastructure.csproj", "{276CFF7A-C559-4948-942D-9E3D6FEB1FDA}"
EndProject
Project("{2150E333-8FDC-42A3-9474-1A3956D46DE8}") = "Shared", "Shared", "{9A38A0F9-609B-49E7-8666-7E132BCDB1CB}"
EndProject
Project("{FAE04EC0-301F-11D3-BF4B-00C04F79EFBC}") = "Common.Application", "Common.Application\Common.Application.csproj", "{5DC40B6B-9F68-4BD4-8632-0CE463C53B58}"
EndProject
Project("{FAE04EC0-301F-11D3-BF4B-00C04F79EFBC}") = "Common.Domain", "Common.Domain\Common.Domain.csproj", "{31955323-A876-43C7-B25B-E86731F6FDD4}"
EndProject
Project("{FAE04EC0-301F-11D3-BF4B-00C04F79EFBC}") = "Common.Presentation", "Common.Presentation\Common.Presentation.csproj", "{11BF35C3-74D0-4D71-B659-07B5D33E9A64}"
EndProject
Project("{FAE04EC0-301F-11D3-BF4B-00C04F79EFBC}") = "IdentityHelper", "IdentityHelper\IdentityHelper.csproj", "{FA406B03-1496-4252-B434-3B1EAB459749}"
EndProject
Project("{FAE04EC0-301F-11D3-BF4B-00C04F79EFBC}") = "Common.Persistence", "Common.Persistence\Common.Persistence.csproj", "{9E909127-B558-4D22-95B8-5E07593BCE3B}"
EndProject
Project("{FAE04EC0-301F-11D3-BF4B-00C04F79EFBC}") = "ImageKitFileManager", "ImageKitFileManager\ImageKitFileManager.csproj", "{B32571E7-EEAB-4EA8-9305-93CD36F9E7DE}"
EndProject
Project("{FAE04EC0-301F-11D3-BF4B-00C04F79EFBC}") = "LoggerHelper", "LoggerHelper\LoggerHelper.csproj", "{FCE4BA3F-D9E9-4E61-8CE2-7EAEA96BFD71}"
EndProject
Project("{2150E333-8FDC-42A3-9474-1A3956D46DE8}") = "Product", "Product", "{F4D50CD1-1A72-4478-8A11-AFE37C075E9B}"
EndProject
Project("{FAE04EC0-301F-11D3-BF4B-00C04F79EFBC}") = "Product.Domain", "Product.Domain\Product.Domain.csproj", "{7982B886-C4A1-4510-B4F2-807E44CCCCFE}"
EndProject
Project("{FAE04EC0-301F-11D3-BF4B-00C04F79EFBC}") = "Product.Application", "Product.Application\Product.Application.csproj", "{139A232F-412B-400E-B2B9-D0E3ABD3CA48}"
EndProject
Project("{FAE04EC0-301F-11D3-BF4B-00C04F79EFBC}") = "Product.Persistence", "Product.Persistence\Product.Persistence.csproj", "{FE8E09A8-7967-4010-919D-C075B5689AC6}"
EndProject
Project("{FAE04EC0-301F-11D3-BF4B-00C04F79EFBC}") = "Product.Infrastructure", "Product.Infrastructure\Product.Infrastructure.csproj", "{B6CBC89B-B8B7-4AC9-8043-063BAB172F56}"
EndProject
Project("{FAE04EC0-301F-11D3-BF4B-00C04F79EFBC}") = "Product.Presentation", "Product.Presentation\Product.Presentation.csproj", "{654B6C27-F5C0-4B74-9895-2E083644A686}"
EndProject
Project("{FAE04EC0-301F-11D3-BF4B-00C04F79EFBC}") = "CacheHelper", "CacheHelper\CacheHelper.csproj", "{D2D25803-45C0-43CE-AFBB-613D623ABF74}"
EndProject
Project("{FAE04EC0-301F-11D3-BF4B-00C04F79EFBC}") = "Bus.Contracts", "Bus.Contracts\Bus.Contracts.csproj", "{33C16DEC-B2B7-4C62-97C2-569DFA93493D}"
EndProject
Global
	GlobalSection(SolutionConfigurationPlatforms) = preSolution
		Debug|Any CPU = Debug|Any CPU
		Release|Any CPU = Release|Any CPU
	EndGlobalSection
	GlobalSection(ProjectConfigurationPlatforms) = postSolution
		{626E994A-FE58-4349-8CF8-EA25CE39726D}.Debug|Any CPU.ActiveCfg = Debug|Any CPU
		{626E994A-FE58-4349-8CF8-EA25CE39726D}.Debug|Any CPU.Build.0 = Debug|Any CPU
		{626E994A-FE58-4349-8CF8-EA25CE39726D}.Release|Any CPU.ActiveCfg = Release|Any CPU
		{626E994A-FE58-4349-8CF8-EA25CE39726D}.Release|Any CPU.Build.0 = Release|Any CPU
		{EB04D0C6-9447-4473-9CB4-DD80C4EDE416}.Debug|Any CPU.ActiveCfg = Debug|Any CPU
		{EB04D0C6-9447-4473-9CB4-DD80C4EDE416}.Debug|Any CPU.Build.0 = Debug|Any CPU
		{EB04D0C6-9447-4473-9CB4-DD80C4EDE416}.Release|Any CPU.ActiveCfg = Release|Any CPU
		{EB04D0C6-9447-4473-9CB4-DD80C4EDE416}.Release|Any CPU.Build.0 = Release|Any CPU
		{6C343A0E-D92E-46C4-853D-2AA92476E18D}.Debug|Any CPU.ActiveCfg = Debug|Any CPU
		{6C343A0E-D92E-46C4-853D-2AA92476E18D}.Debug|Any CPU.Build.0 = Debug|Any CPU
		{6C343A0E-D92E-46C4-853D-2AA92476E18D}.Release|Any CPU.ActiveCfg = Release|Any CPU
		{6C343A0E-D92E-46C4-853D-2AA92476E18D}.Release|Any CPU.Build.0 = Release|Any CPU
		{D05DC9BB-8FD9-4B4D-AB70-370D480E70B4}.Debug|Any CPU.ActiveCfg = Debug|Any CPU
		{D05DC9BB-8FD9-4B4D-AB70-370D480E70B4}.Debug|Any CPU.Build.0 = Debug|Any CPU
		{D05DC9BB-8FD9-4B4D-AB70-370D480E70B4}.Release|Any CPU.ActiveCfg = Release|Any CPU
		{D05DC9BB-8FD9-4B4D-AB70-370D480E70B4}.Release|Any CPU.Build.0 = Release|Any CPU
		{4E703B3B-FDE7-4D45-8B4A-533C1647BFB3}.Debug|Any CPU.ActiveCfg = Debug|Any CPU
		{4E703B3B-FDE7-4D45-8B4A-533C1647BFB3}.Debug|Any CPU.Build.0 = Debug|Any CPU
		{4E703B3B-FDE7-4D45-8B4A-533C1647BFB3}.Release|Any CPU.ActiveCfg = Release|Any CPU
		{4E703B3B-FDE7-4D45-8B4A-533C1647BFB3}.Release|Any CPU.Build.0 = Release|Any CPU
		{276CFF7A-C559-4948-942D-9E3D6FEB1FDA}.Debug|Any CPU.ActiveCfg = Debug|Any CPU
		{276CFF7A-C559-4948-942D-9E3D6FEB1FDA}.Debug|Any CPU.Build.0 = Debug|Any CPU
		{276CFF7A-C559-4948-942D-9E3D6FEB1FDA}.Release|Any CPU.ActiveCfg = Release|Any CPU
		{276CFF7A-C559-4948-942D-9E3D6FEB1FDA}.Release|Any CPU.Build.0 = Release|Any CPU
		{5DC40B6B-9F68-4BD4-8632-0CE463C53B58}.Debug|Any CPU.ActiveCfg = Debug|Any CPU
		{5DC40B6B-9F68-4BD4-8632-0CE463C53B58}.Debug|Any CPU.Build.0 = Debug|Any CPU
		{5DC40B6B-9F68-4BD4-8632-0CE463C53B58}.Release|Any CPU.ActiveCfg = Release|Any CPU
		{5DC40B6B-9F68-4BD4-8632-0CE463C53B58}.Release|Any CPU.Build.0 = Release|Any CPU
		{31955323-A876-43C7-B25B-E86731F6FDD4}.Debug|Any CPU.ActiveCfg = Debug|Any CPU
		{31955323-A876-43C7-B25B-E86731F6FDD4}.Debug|Any CPU.Build.0 = Debug|Any CPU
		{31955323-A876-43C7-B25B-E86731F6FDD4}.Release|Any CPU.ActiveCfg = Release|Any CPU
		{31955323-A876-43C7-B25B-E86731F6FDD4}.Release|Any CPU.Build.0 = Release|Any CPU
		{11BF35C3-74D0-4D71-B659-07B5D33E9A64}.Debug|Any CPU.ActiveCfg = Debug|Any CPU
		{11BF35C3-74D0-4D71-B659-07B5D33E9A64}.Debug|Any CPU.Build.0 = Debug|Any CPU
		{11BF35C3-74D0-4D71-B659-07B5D33E9A64}.Release|Any CPU.ActiveCfg = Release|Any CPU
		{11BF35C3-74D0-4D71-B659-07B5D33E9A64}.Release|Any CPU.Build.0 = Release|Any CPU
		{FA406B03-1496-4252-B434-3B1EAB459749}.Debug|Any CPU.ActiveCfg = Debug|Any CPU
		{FA406B03-1496-4252-B434-3B1EAB459749}.Debug|Any CPU.Build.0 = Debug|Any CPU
		{FA406B03-1496-4252-B434-3B1EAB459749}.Release|Any CPU.ActiveCfg = Release|Any CPU
		{FA406B03-1496-4252-B434-3B1EAB459749}.Release|Any CPU.Build.0 = Release|Any CPU
		{9E909127-B558-4D22-95B8-5E07593BCE3B}.Debug|Any CPU.ActiveCfg = Debug|Any CPU
		{9E909127-B558-4D22-95B8-5E07593BCE3B}.Debug|Any CPU.Build.0 = Debug|Any CPU
		{9E909127-B558-4D22-95B8-5E07593BCE3B}.Release|Any CPU.ActiveCfg = Release|Any CPU
		{9E909127-B558-4D22-95B8-5E07593BCE3B}.Release|Any CPU.Build.0 = Release|Any CPU
		{B32571E7-EEAB-4EA8-9305-93CD36F9E7DE}.Debug|Any CPU.ActiveCfg = Debug|Any CPU
		{B32571E7-EEAB-4EA8-9305-93CD36F9E7DE}.Debug|Any CPU.Build.0 = Debug|Any CPU
		{B32571E7-EEAB-4EA8-9305-93CD36F9E7DE}.Release|Any CPU.ActiveCfg = Release|Any CPU
		{B32571E7-EEAB-4EA8-9305-93CD36F9E7DE}.Release|Any CPU.Build.0 = Release|Any CPU
		{FCE4BA3F-D9E9-4E61-8CE2-7EAEA96BFD71}.Debug|Any CPU.ActiveCfg = Debug|Any CPU
		{FCE4BA3F-D9E9-4E61-8CE2-7EAEA96BFD71}.Debug|Any CPU.Build.0 = Debug|Any CPU
		{FCE4BA3F-D9E9-4E61-8CE2-7EAEA96BFD71}.Release|Any CPU.ActiveCfg = Release|Any CPU
		{FCE4BA3F-D9E9-4E61-8CE2-7EAEA96BFD71}.Release|Any CPU.Build.0 = Release|Any CPU
		{7982B886-C4A1-4510-B4F2-807E44CCCCFE}.Debug|Any CPU.ActiveCfg = Debug|Any CPU
		{7982B886-C4A1-4510-B4F2-807E44CCCCFE}.Debug|Any CPU.Build.0 = Debug|Any CPU
		{7982B886-C4A1-4510-B4F2-807E44CCCCFE}.Release|Any CPU.ActiveCfg = Release|Any CPU
		{7982B886-C4A1-4510-B4F2-807E44CCCCFE}.Release|Any CPU.Build.0 = Release|Any CPU
		{139A232F-412B-400E-B2B9-D0E3ABD3CA48}.Debug|Any CPU.ActiveCfg = Debug|Any CPU
		{139A232F-412B-400E-B2B9-D0E3ABD3CA48}.Debug|Any CPU.Build.0 = Debug|Any CPU
		{139A232F-412B-400E-B2B9-D0E3ABD3CA48}.Release|Any CPU.ActiveCfg = Release|Any CPU
		{139A232F-412B-400E-B2B9-D0E3ABD3CA48}.Release|Any CPU.Build.0 = Release|Any CPU
		{FE8E09A8-7967-4010-919D-C075B5689AC6}.Debug|Any CPU.ActiveCfg = Debug|Any CPU
		{FE8E09A8-7967-4010-919D-C075B5689AC6}.Debug|Any CPU.Build.0 = Debug|Any CPU
		{FE8E09A8-7967-4010-919D-C075B5689AC6}.Release|Any CPU.ActiveCfg = Release|Any CPU
		{FE8E09A8-7967-4010-919D-C075B5689AC6}.Release|Any CPU.Build.0 = Release|Any CPU
		{B6CBC89B-B8B7-4AC9-8043-063BAB172F56}.Debug|Any CPU.ActiveCfg = Debug|Any CPU
		{B6CBC89B-B8B7-4AC9-8043-063BAB172F56}.Debug|Any CPU.Build.0 = Debug|Any CPU
		{B6CBC89B-B8B7-4AC9-8043-063BAB172F56}.Release|Any CPU.ActiveCfg = Release|Any CPU
		{B6CBC89B-B8B7-4AC9-8043-063BAB172F56}.Release|Any CPU.Build.0 = Release|Any CPU
		{654B6C27-F5C0-4B74-9895-2E083644A686}.Debug|Any CPU.ActiveCfg = Debug|Any CPU
		{654B6C27-F5C0-4B74-9895-2E083644A686}.Debug|Any CPU.Build.0 = Debug|Any CPU
		{654B6C27-F5C0-4B74-9895-2E083644A686}.Release|Any CPU.ActiveCfg = Release|Any CPU
		{654B6C27-F5C0-4B74-9895-2E083644A686}.Release|Any CPU.Build.0 = Release|Any CPU
		{D2D25803-45C0-43CE-AFBB-613D623ABF74}.Debug|Any CPU.ActiveCfg = Debug|Any CPU
		{D2D25803-45C0-43CE-AFBB-613D623ABF74}.Debug|Any CPU.Build.0 = Debug|Any CPU
		{D2D25803-45C0-43CE-AFBB-613D623ABF74}.Release|Any CPU.ActiveCfg = Release|Any CPU
		{D2D25803-45C0-43CE-AFBB-613D623ABF74}.Release|Any CPU.Build.0 = Release|Any CPU
		{33C16DEC-B2B7-4C62-97C2-569DFA93493D}.Debug|Any CPU.ActiveCfg = Debug|Any CPU
		{33C16DEC-B2B7-4C62-97C2-569DFA93493D}.Debug|Any CPU.Build.0 = Debug|Any CPU
		{33C16DEC-B2B7-4C62-97C2-569DFA93493D}.Release|Any CPU.ActiveCfg = Release|Any CPU
		{33C16DEC-B2B7-4C62-97C2-569DFA93493D}.Release|Any CPU.Build.0 = Release|Any CPU
	EndGlobalSection
	GlobalSection(SolutionProperties) = preSolution
		HideSolutionNode = FALSE
	EndGlobalSection
	GlobalSection(NestedProjects) = preSolution
		{0D489C93-5B0D-49D5-B25E-8E26B659E548} = {02EA681E-C7D8-13C7-8484-4AC65E1B71E8}
		{EB04D0C6-9447-4473-9CB4-DD80C4EDE416} = {0D489C93-5B0D-49D5-B25E-8E26B659E548}
		{6C343A0E-D92E-46C4-853D-2AA92476E18D} = {0D489C93-5B0D-49D5-B25E-8E26B659E548}
		{D05DC9BB-8FD9-4B4D-AB70-370D480E70B4} = {0D489C93-5B0D-49D5-B25E-8E26B659E548}
		{4E703B3B-FDE7-4D45-8B4A-533C1647BFB3} = {0D489C93-5B0D-49D5-B25E-8E26B659E548}
		{276CFF7A-C559-4948-942D-9E3D6FEB1FDA} = {0D489C93-5B0D-49D5-B25E-8E26B659E548}
		{9A38A0F9-609B-49E7-8666-7E132BCDB1CB} = {02EA681E-C7D8-13C7-8484-4AC65E1B71E8}
		{5DC40B6B-9F68-4BD4-8632-0CE463C53B58} = {9A38A0F9-609B-49E7-8666-7E132BCDB1CB}
		{31955323-A876-43C7-B25B-E86731F6FDD4} = {9A38A0F9-609B-49E7-8666-7E132BCDB1CB}
		{11BF35C3-74D0-4D71-B659-07B5D33E9A64} = {9A38A0F9-609B-49E7-8666-7E132BCDB1CB}
		{FA406B03-1496-4252-B434-3B1EAB459749} = {9A38A0F9-609B-49E7-8666-7E132BCDB1CB}
		{9E909127-B558-4D22-95B8-5E07593BCE3B} = {9A38A0F9-609B-49E7-8666-7E132BCDB1CB}
		{B32571E7-EEAB-4EA8-9305-93CD36F9E7DE} = {9A38A0F9-609B-49E7-8666-7E132BCDB1CB}
		{FCE4BA3F-D9E9-4E61-8CE2-7EAEA96BFD71} = {9A38A0F9-609B-49E7-8666-7E132BCDB1CB}
		{F4D50CD1-1A72-4478-8A11-AFE37C075E9B} = {02EA681E-C7D8-13C7-8484-4AC65E1B71E8}
		{7982B886-C4A1-4510-B4F2-807E44CCCCFE} = {F4D50CD1-1A72-4478-8A11-AFE37C075E9B}
		{139A232F-412B-400E-B2B9-D0E3ABD3CA48} = {F4D50CD1-1A72-4478-8A11-AFE37C075E9B}
		{FE8E09A8-7967-4010-919D-C075B5689AC6} = {F4D50CD1-1A72-4478-8A11-AFE37C075E9B}
		{B6CBC89B-B8B7-4AC9-8043-063BAB172F56} = {F4D50CD1-1A72-4478-8A11-AFE37C075E9B}
		{654B6C27-F5C0-4B74-9895-2E083644A686} = {F4D50CD1-1A72-4478-8A11-AFE37C075E9B}
		{D2D25803-45C0-43CE-AFBB-613D623ABF74} = {9A38A0F9-609B-49E7-8666-7E132BCDB1CB}
		{33C16DEC-B2B7-4C62-97C2-569DFA93493D} = {9A38A0F9-609B-49E7-8666-7E132BCDB1CB}
	EndGlobalSection
	GlobalSection(ExtensibilityGlobals) = postSolution
		SolutionGuid = {4AAAB6F8-C5C1-480D-9CBF-99BD877A8B76}
	EndGlobalSection
EndGlobal
