
Microsoft Visual Studio Solution File, Format Version 12.00
# Visual Studio Version 17
VisualStudioVersion = 17.14.36109.1 d17.14
MinimumVisualStudioVersion = 10.0.40219.1
Project("{FAE04EC0-301F-11D3-BF4B-00C04F79EFBC}") = "AfricanCrafts.Api", "AfricanCrafts.Api\AfricanCrafts.Api.csproj", "{626E994A-FE58-4349-8CF8-EA25CE39726D}"
EndProject
Project("{2150E333-8FDC-42A3-9474-1A3956D46DE8}") = "src", "src", "{02EA681E-C7D8-13C7-8484-4AC65E1B71E8}"
EndProject
Project("{2150E333-8FDC-42A3-9474-1A3956D46DE8}") = "UserManagement", "UserManagement", "{0D489C93-5B0D-49D5-B25E-8E26B659E548}"
EndProject
Project("{FAE04EC0-301F-11D3-BF4B-00C04F79EFBC}") = "UserManagement.Application", "UserManagement.Application\UserManagement.Application.csproj", "{EB04D0C6-9447-4473-9CB4-DD80C4EDE416}"
EndProject
Project("{FAE04EC0-301F-11D3-BF4B-00C04F79EFBC}") = "UserManagement.Domain", "UserManagement.Domain\UserManagement.Domain.csproj", "{6C343A0E-D92E-46C4-853D-2AA92476E18D}"
EndProject
Project("{FAE04EC0-301F-11D3-BF4B-00C04F79EFBC}") = "UserManagement.Presentation", "UserManagement.Presentation\UserManagement.Presentation.csproj", "{D05DC9BB-8FD9-4B4D-AB70-370D480E70B4}"
EndProject
Project("{FAE04EC0-301F-11D3-BF4B-00C04F79EFBC}") = "UserManagement.Presistence", "UserManagement.Service\UserManagement.Presistence.csproj", "{4E703B3B-FDE7-4D45-8B4A-533C1647BFB3}"
EndProject
Project("{FAE04EC0-301F-11D3-BF4B-00C04F79EFBC}") = "UserManagement.Infrastructure", "UserManagement.Infrastructure\UserManagement.Infrastructure.csproj", "{276CFF7A-C559-4948-942D-9E3D6FEB1FDA}"
EndProject
Project("{2150E333-8FDC-42A3-9474-1A3956D46DE8}") = "Shared", "Shared", "{9A38A0F9-609B-49E7-8666-7E132BCDB1CB}"
EndProject
Project("{FAE04EC0-301F-11D3-BF4B-00C04F79EFBC}") = "Common.Application", "Common.Application\Common.Application.csproj", "{5DC40B6B-9F68-4BD4-8632-0CE463C53B58}"
EndProject
Project("{FAE04EC0-301F-11D3-BF4B-00C04F79EFBC}") = "Common.Domain", "Common.Domain\Common.Domain.csproj", "{31955323-A876-43C7-B25B-E86731F6FDD4}"
EndProject
Project("{FAE04EC0-301F-11D3-BF4B-00C04F79EFBC}") = "Common.Infrastructure", "Common.Infrastructure\Common.Infrastructure.csproj", "{8BF352BC-9FAA-46C7-A381-E9C270D6829C}"
EndProject
Project("{FAE04EC0-301F-11D3-BF4B-00C04F79EFBC}") = "Common.Presentation", "Common.Presentation\Common.Presentation.csproj", "{11BF35C3-74D0-4D71-B659-07B5D33E9A64}"
EndProject
Project("{FAE04EC0-301F-11D3-BF4B-00C04F79EFBC}") = "IdentityHelper", "IdentityHelper\IdentityHelper.csproj", "{FA406B03-1496-4252-B434-3B1EAB459749}"
EndProject
Project("{FAE04EC0-301F-11D3-BF4B-00C04F79EFBC}") = "Common.Persistence", "Common.Persistence\Common.Persistence.csproj", "{9E909127-B558-4D22-95B8-5E07593BCE3B}"
EndProject
Global
	GlobalSection(SolutionConfigurationPlatforms) = preSolution
		Debug|Any CPU = Debug|Any CPU
		Release|Any CPU = Release|Any CPU
	EndGlobalSection
	GlobalSection(ProjectConfigurationPlatforms) = postSolution
		{626E994A-FE58-4349-8CF8-EA25CE39726D}.Debug|Any CPU.ActiveCfg = Debug|Any CPU
		{626E994A-FE58-4349-8CF8-EA25CE39726D}.Debug|Any CPU.Build.0 = Debug|Any CPU
		{626E994A-FE58-4349-8CF8-EA25CE39726D}.Release|Any CPU.ActiveCfg = Release|Any CPU
		{626E994A-FE58-4349-8CF8-EA25CE39726D}.Release|Any CPU.Build.0 = Release|Any CPU
		{EB04D0C6-9447-4473-9CB4-DD80C4EDE416}.Debug|Any CPU.ActiveCfg = Debug|Any CPU
		{EB04D0C6-9447-4473-9CB4-DD80C4EDE416}.Debug|Any CPU.Build.0 = Debug|Any CPU
		{EB04D0C6-9447-4473-9CB4-DD80C4EDE416}.Release|Any CPU.ActiveCfg = Release|Any CPU
		{EB04D0C6-9447-4473-9CB4-DD80C4EDE416}.Release|Any CPU.Build.0 = Release|Any CPU
		{6C343A0E-D92E-46C4-853D-2AA92476E18D}.Debug|Any CPU.ActiveCfg = Debug|Any CPU
		{6C343A0E-D92E-46C4-853D-2AA92476E18D}.Debug|Any CPU.Build.0 = Debug|Any CPU
		{6C343A0E-D92E-46C4-853D-2AA92476E18D}.Release|Any CPU.ActiveCfg = Release|Any CPU
		{6C343A0E-D92E-46C4-853D-2AA92476E18D}.Release|Any CPU.Build.0 = Release|Any CPU
		{D05DC9BB-8FD9-4B4D-AB70-370D480E70B4}.Debug|Any CPU.ActiveCfg = Debug|Any CPU
		{D05DC9BB-8FD9-4B4D-AB70-370D480E70B4}.Debug|Any CPU.Build.0 = Debug|Any CPU
		{D05DC9BB-8FD9-4B4D-AB70-370D480E70B4}.Release|Any CPU.ActiveCfg = Release|Any CPU
		{D05DC9BB-8FD9-4B4D-AB70-370D480E70B4}.Release|Any CPU.Build.0 = Release|Any CPU
		{4E703B3B-FDE7-4D45-8B4A-533C1647BFB3}.Debug|Any CPU.ActiveCfg = Debug|Any CPU
		{4E703B3B-FDE7-4D45-8B4A-533C1647BFB3}.Debug|Any CPU.Build.0 = Debug|Any CPU
		{4E703B3B-FDE7-4D45-8B4A-533C1647BFB3}.Release|Any CPU.ActiveCfg = Release|Any CPU
		{4E703B3B-FDE7-4D45-8B4A-533C1647BFB3}.Release|Any CPU.Build.0 = Release|Any CPU
		{276CFF7A-C559-4948-942D-9E3D6FEB1FDA}.Debug|Any CPU.ActiveCfg = Debug|Any CPU
		{276CFF7A-C559-4948-942D-9E3D6FEB1FDA}.Debug|Any CPU.Build.0 = Debug|Any CPU
		{276CFF7A-C559-4948-942D-9E3D6FEB1FDA}.Release|Any CPU.ActiveCfg = Release|Any CPU
		{276CFF7A-C559-4948-942D-9E3D6FEB1FDA}.Release|Any CPU.Build.0 = Release|Any CPU
		{5DC40B6B-9F68-4BD4-8632-0CE463C53B58}.Debug|Any CPU.ActiveCfg = Debug|Any CPU
		{5DC40B6B-9F68-4BD4-8632-0CE463C53B58}.Debug|Any CPU.Build.0 = Debug|Any CPU
		{5DC40B6B-9F68-4BD4-8632-0CE463C53B58}.Release|Any CPU.ActiveCfg = Release|Any CPU
		{5DC40B6B-9F68-4BD4-8632-0CE463C53B58}.Release|Any CPU.Build.0 = Release|Any CPU
		{31955323-A876-43C7-B25B-E86731F6FDD4}.Debug|Any CPU.ActiveCfg = Debug|Any CPU
		{31955323-A876-43C7-B25B-E86731F6FDD4}.Debug|Any CPU.Build.0 = Debug|Any CPU
		{31955323-A876-43C7-B25B-E86731F6FDD4}.Release|Any CPU.ActiveCfg = Release|Any CPU
		{31955323-A876-43C7-B25B-E86731F6FDD4}.Release|Any CPU.Build.0 = Release|Any CPU
		{8BF352BC-9FAA-46C7-A381-E9C270D6829C}.Debug|Any CPU.ActiveCfg = Debug|Any CPU
		{8BF352BC-9FAA-46C7-A381-E9C270D6829C}.Debug|Any CPU.Build.0 = Debug|Any CPU
		{8BF352BC-9FAA-46C7-A381-E9C270D6829C}.Release|Any CPU.ActiveCfg = Release|Any CPU
		{8BF352BC-9FAA-46C7-A381-E9C270D6829C}.Release|Any CPU.Build.0 = Release|Any CPU
		{11BF35C3-74D0-4D71-B659-07B5D33E9A64}.Debug|Any CPU.ActiveCfg = Debug|Any CPU
		{11BF35C3-74D0-4D71-B659-07B5D33E9A64}.Debug|Any CPU.Build.0 = Debug|Any CPU
		{11BF35C3-74D0-4D71-B659-07B5D33E9A64}.Release|Any CPU.ActiveCfg = Release|Any CPU
		{11BF35C3-74D0-4D71-B659-07B5D33E9A64}.Release|Any CPU.Build.0 = Release|Any CPU
		{FA406B03-1496-4252-B434-3B1EAB459749}.Debug|Any CPU.ActiveCfg = Debug|Any CPU
		{FA406B03-1496-4252-B434-3B1EAB459749}.Debug|Any CPU.Build.0 = Debug|Any CPU
		{FA406B03-1496-4252-B434-3B1EAB459749}.Release|Any CPU.ActiveCfg = Release|Any CPU
		{FA406B03-1496-4252-B434-3B1EAB459749}.Release|Any CPU.Build.0 = Release|Any CPU
		{9E909127-B558-4D22-95B8-5E07593BCE3B}.Debug|Any CPU.ActiveCfg = Debug|Any CPU
		{9E909127-B558-4D22-95B8-5E07593BCE3B}.Debug|Any CPU.Build.0 = Debug|Any CPU
		{9E909127-B558-4D22-95B8-5E07593BCE3B}.Release|Any CPU.ActiveCfg = Release|Any CPU
		{9E909127-B558-4D22-95B8-5E07593BCE3B}.Release|Any CPU.Build.0 = Release|Any CPU
	EndGlobalSection
	GlobalSection(SolutionProperties) = preSolution
		HideSolutionNode = FALSE
	EndGlobalSection
	GlobalSection(NestedProjects) = preSolution
		{0D489C93-5B0D-49D5-B25E-8E26B659E548} = {02EA681E-C7D8-13C7-8484-4AC65E1B71E8}
		{EB04D0C6-9447-4473-9CB4-DD80C4EDE416} = {0D489C93-5B0D-49D5-B25E-8E26B659E548}
		{6C343A0E-D92E-46C4-853D-2AA92476E18D} = {0D489C93-5B0D-49D5-B25E-8E26B659E548}
		{D05DC9BB-8FD9-4B4D-AB70-370D480E70B4} = {0D489C93-5B0D-49D5-B25E-8E26B659E548}
		{4E703B3B-FDE7-4D45-8B4A-533C1647BFB3} = {0D489C93-5B0D-49D5-B25E-8E26B659E548}
		{276CFF7A-C559-4948-942D-9E3D6FEB1FDA} = {0D489C93-5B0D-49D5-B25E-8E26B659E548}
		{9A38A0F9-609B-49E7-8666-7E132BCDB1CB} = {02EA681E-C7D8-13C7-8484-4AC65E1B71E8}
		{5DC40B6B-9F68-4BD4-8632-0CE463C53B58} = {9A38A0F9-609B-49E7-8666-7E132BCDB1CB}
		{31955323-A876-43C7-B25B-E86731F6FDD4} = {9A38A0F9-609B-49E7-8666-7E132BCDB1CB}
		{8BF352BC-9FAA-46C7-A381-E9C270D6829C} = {9A38A0F9-609B-49E7-8666-7E132BCDB1CB}
		{11BF35C3-74D0-4D71-B659-07B5D33E9A64} = {9A38A0F9-609B-49E7-8666-7E132BCDB1CB}
		{FA406B03-1496-4252-B434-3B1EAB459749} = {9A38A0F9-609B-49E7-8666-7E132BCDB1CB}
		{9E909127-B558-4D22-95B8-5E07593BCE3B} = {9A38A0F9-609B-49E7-8666-7E132BCDB1CB}
	EndGlobalSection
	GlobalSection(ExtensibilityGlobals) = postSolution
		SolutionGuid = {4AAAB6F8-C5C1-480D-9CBF-99BD877A8B76}
	EndGlobalSection
EndGlobal
